
Microsoft Visual Studio Solution File, Format Version 12.00
# Visual Studio Version 17
VisualStudioVersion = 17.14.36127.28 d17.14
MinimumVisualStudioVersion = 10.0.40219.1
Project("{FAE04EC0-301F-11D3-BF4B-00C04F79EFBC}") = "IEFI_Estructuras_PistoliaGino", "IEFI_Estructuras_PistoliaGino\IEFI_Estructuras_PistoliaGino.csproj", "{82B48BC6-EA72-4FF5-89C4-252421873526}"
EndProject
Global
	GlobalSection(SolutionConfigurationPlatforms) = preSolution
		Debug|Any CPU = Debug|Any CPU
		Release|Any CPU = Release|Any CPU
	EndGlobalSection
	GlobalSection(ProjectConfigurationPlatforms) = postSolution
		{82B48BC6-EA72-4FF5-89C4-252421873526}.Debug|Any CPU.ActiveCfg = Debug|Any CPU
		{82B48BC6-EA72-4FF5-89C4-252421873526}.Debug|Any CPU.Build.0 = Debug|Any CPU
		{82B48BC6-EA72-4FF5-89C4-252421873526}.Release|Any CPU.ActiveCfg = Release|Any CPU
		{82B48BC6-EA72-4FF5-89C4-252421873526}.Release|Any CPU.Build.0 = Release|Any CPU
	EndGlobalSection
	GlobalSection(SolutionProperties) = preSolution
		HideSolutionNode = FALSE
	EndGlobalSection
	GlobalSection(ExtensibilityGlobals) = postSolution
		SolutionGuid = {EFEBA634-8F51-4572-A57C-78B415DB8F12}
	EndGlobalSection
EndGlobal
